{
  "name": "has-project",
  "version": "1.0.0",
  "lockfileVersion": 1,
  "requires": true,
  "dependencies": {
    "directory-exists": {
      "version": "2.0.1",
      "resolved": "https://registry.npmjs.org/directory-exists/-/directory-exists-2.0.1.tgz",
      "integrity": "sha512-+CEod3IzwjvhQOMXFSU6nrqdTwrhzOiacNzzXlwBVFm7C4y2rbuEWs5WaRsI/3IZeSWORA5F1q8FBh3gm4HSsw=="
    }
  }
}
